
Microsoft Visual Studio Solution File, Format Version 12.00
# Visual Studio 15
VisualStudioVersion = 15.0.33026.149
MinimumVisualStudioVersion = 10.0.40219.1
Project("{FAE04EC0-301F-11D3-BF4B-00C04F79EFBC}") = "Tarea1", "Tarea1\Tarea1.csproj", "{6770D615-B0A1-4B3B-9C3D-4291BFB919A5}"
EndProject
Global
	GlobalSection(SolutionConfigurationPlatforms) = preSolution
		Debug|Any CPU = Debug|Any CPU
		Release|Any CPU = Release|Any CPU
	EndGlobalSection
	GlobalSection(ProjectConfigurationPlatforms) = postSolution
		{6770D615-B0A1-4B3B-9C3D-4291BFB919A5}.Debug|Any CPU.ActiveCfg = Debug|Any CPU
		{6770D615-B0A1-4B3B-9C3D-4291BFB919A5}.Debug|Any CPU.Build.0 = Debug|Any CPU
		{6770D615-B0A1-4B3B-9C3D-4291BFB919A5}.Release|Any CPU.ActiveCfg = Release|Any CPU
		{6770D615-B0A1-4B3B-9C3D-4291BFB919A5}.Release|Any CPU.Build.0 = Release|Any CPU
	EndGlobalSection
	GlobalSection(SolutionProperties) = preSolution
		HideSolutionNode = FALSE
	EndGlobalSection
	GlobalSection(ExtensibilityGlobals) = postSolution
		SolutionGuid = {5205D4DA-3282-4AAB-9F87-5C809E698511}
	EndGlobalSection
EndGlobal
