
Microsoft Visual Studio Solution File, Format Version 12.00
# Visual Studio Version 17
VisualStudioVersion = 17.4.33213.308
MinimumVisualStudioVersion = 10.0.40219.1
Project("{FAE04EC0-301F-11D3-BF4B-00C04F79EFBC}") = "PromedioNotas", "PromedioNotas\PromedioNotas.csproj", "{CCE7BBD2-E024-4C48-9AC7-33C623983DEF}"
EndProject
Global
	GlobalSection(SolutionConfigurationPlatforms) = preSolution
		Debug|Any CPU = Debug|Any CPU
		Release|Any CPU = Release|Any CPU
	EndGlobalSection
	GlobalSection(ProjectConfigurationPlatforms) = postSolution
		{CCE7BBD2-E024-4C48-9AC7-33C623983DEF}.Debug|Any CPU.ActiveCfg = Debug|Any CPU
		{CCE7BBD2-E024-4C48-9AC7-33C623983DEF}.Debug|Any CPU.Build.0 = Debug|Any CPU
		{CCE7BBD2-E024-4C48-9AC7-33C623983DEF}.Release|Any CPU.ActiveCfg = Release|Any CPU
		{CCE7BBD2-E024-4C48-9AC7-33C623983DEF}.Release|Any CPU.Build.0 = Release|Any CPU
	EndGlobalSection
	GlobalSection(SolutionProperties) = preSolution
		HideSolutionNode = FALSE
	EndGlobalSection
	GlobalSection(ExtensibilityGlobals) = postSolution
		SolutionGuid = {B5502A3F-EA96-486A-8689-2B9BE448D286}
	EndGlobalSection
EndGlobal
